{
  "version": 1,
  "sidecar": "git@github.com:virb30/specs.git",
  "source_branch": "web",
  "namespaces": [
    {
      "name": "tax-report",
      "sidecar_branch": "tax-report/__branches__/web",
      "commit": "3a1c26991b9351ee828ea63501996f69aba4ff05",
      "digest": "sha256:af710620743ecb88794d30b08b884bac8baeec2fc7a341b1f9795d5c9e02b0eb",
      "files": 56,
      "bytes": 244348
    }
  ]
}
