{
  "version": 1,
  "sidecar": "git@github.com:virb30/specs.git",
  "source_branch": "web",
  "namespaces": [
    {
      "name": "tax-report",
      "sidecar_branch": "tax-report/__branches__/web",
      "commit": "12a9ddb206339cb21adeafd489b734254ce48936",
      "digest": "sha256:13a4b3825fa44d5c4ea8bfa067c7d99999138789c096978685502847417b090b",
      "files": 56,
      "bytes": 244516
    }
  ]
}
